
Microsoft Visual Studio Solution File, Format Version 12.00
# Visual Studio Version 16
VisualStudioVersion = 16.0.31409.214
MinimumVisualStudioVersion = 10.0.40219.1
Project("{FAE04EC0-301F-11D3-BF4B-00C04F79EFBC}") = "ManutencaoVeiculoApi", "ManutencaoVeiculoApi.csproj", "{196772B0-1FCB-405D-8749-70A794CE0BE8}"
EndProject
Global
	GlobalSection(SolutionConfigurationPlatforms) = preSolution
		Debug|Any CPU = Debug|Any CPU
		Release|Any CPU = Release|Any CPU
	EndGlobalSection
	GlobalSection(ProjectConfigurationPlatforms) = postSolution
		{196772B0-1FCB-405D-8749-70A794CE0BE8}.Debug|Any CPU.ActiveCfg = Debug|Any CPU
		{196772B0-1FCB-405D-8749-70A794CE0BE8}.Debug|Any CPU.Build.0 = Debug|Any CPU
		{196772B0-1FCB-405D-8749-70A794CE0BE8}.Release|Any CPU.ActiveCfg = Release|Any CPU
		{196772B0-1FCB-405D-8749-70A794CE0BE8}.Release|Any CPU.Build.0 = Release|Any CPU
	EndGlobalSection
	GlobalSection(SolutionProperties) = preSolution
		HideSolutionNode = FALSE
	EndGlobalSection
	GlobalSection(ExtensibilityGlobals) = postSolution
		SolutionGuid = {B0F81854-07C8-477C-8D07-67D2EAF8285A}
	EndGlobalSection
EndGlobal
